
Microsoft Visual Studio Solution File, Format Version 12.00
# Visual Studio Version 17
VisualStudioVersion = 17.4.33403.182
MinimumVisualStudioVersion = 10.0.40219.1
Project("{FAE04EC0-301F-11D3-BF4B-00C04F79EFBC}") = "ParallelMatrixMultiplication", "ParallelMatrixMultiplication\ParallelMatrixMultiplication.csproj", "{1290A62F-1C65-459B-9906-6CDD0D23C619}"
EndProject
Global
	GlobalSection(SolutionConfigurationPlatforms) = preSolution
		Debug|Any CPU = Debug|Any CPU
		Release|Any CPU = Release|Any CPU
	EndGlobalSection
	GlobalSection(ProjectConfigurationPlatforms) = postSolution
		{1290A62F-1C65-459B-9906-6CDD0D23C619}.Debug|Any CPU.ActiveCfg = Debug|Any CPU
		{1290A62F-1C65-459B-9906-6CDD0D23C619}.Debug|Any CPU.Build.0 = Debug|Any CPU
		{1290A62F-1C65-459B-9906-6CDD0D23C619}.Release|Any CPU.ActiveCfg = Release|Any CPU
		{1290A62F-1C65-459B-9906-6CDD0D23C619}.Release|Any CPU.Build.0 = Release|Any CPU
	EndGlobalSection
	GlobalSection(SolutionProperties) = preSolution
		HideSolutionNode = FALSE
	EndGlobalSection
	GlobalSection(ExtensibilityGlobals) = postSolution
		SolutionGuid = {30DDE749-F210-423A-A3EB-47BA6547BB18}
	EndGlobalSection
EndGlobal
